
Microsoft Visual Studio Solution File, Format Version 12.00
# Visual Studio Version 17
VisualStudioVersion = 17.7.34221.43
MinimumVisualStudioVersion = 10.0.40219.1
Project("{FAE04EC0-301F-11D3-BF4B-00C04F79EFBC}") = "pit02-csv", "Catalogo.csproj", "{87EBF7CB-232C-48EB-8239-D05478CA6177}"
EndProject
Global
	GlobalSection(SolutionConfigurationPlatforms) = preSolution
		Debug|Any CPU = Debug|Any CPU
		Release|Any CPU = Release|Any CPU
	EndGlobalSection
	GlobalSection(ProjectConfigurationPlatforms) = postSolution
		{87EBF7CB-232C-48EB-8239-D05478CA6177}.Debug|Any CPU.ActiveCfg = Debug|Any CPU
		{87EBF7CB-232C-48EB-8239-D05478CA6177}.Debug|Any CPU.Build.0 = Debug|Any CPU
		{87EBF7CB-232C-48EB-8239-D05478CA6177}.Release|Any CPU.ActiveCfg = Release|Any CPU
		{87EBF7CB-232C-48EB-8239-D05478CA6177}.Release|Any CPU.Build.0 = Release|Any CPU
	EndGlobalSection
	GlobalSection(SolutionProperties) = preSolution
		HideSolutionNode = FALSE
	EndGlobalSection
	GlobalSection(ExtensibilityGlobals) = postSolution
		SolutionGuid = {FC321EE1-11B1-4F3C-9B67-26628997D8C1}
	EndGlobalSection
EndGlobal
